
Microsoft Visual Studio Solution File, Format Version 12.00
# Visual Studio 15
VisualStudioVersion = 15.0.26730.8
MinimumVisualStudioVersion = 10.0.40219.1
Project("{FAE04EC0-301F-11D3-BF4B-00C04F79EFBC}") = "WundergroundHtmlParser", "WundergroundHtmlParser\WundergroundHtmlParser.csproj", "{FB99EC1F-023C-4991-B5B2-06C292977D47}"
EndProject
Global
	GlobalSection(SolutionConfigurationPlatforms) = preSolution
		Debug|Any CPU = Debug|Any CPU
		Release|Any CPU = Release|Any CPU
	EndGlobalSection
	GlobalSection(ProjectConfigurationPlatforms) = postSolution
		{FB99EC1F-023C-4991-B5B2-06C292977D47}.Debug|Any CPU.ActiveCfg = Debug|Any CPU
		{FB99EC1F-023C-4991-B5B2-06C292977D47}.Debug|Any CPU.Build.0 = Debug|Any CPU
		{FB99EC1F-023C-4991-B5B2-06C292977D47}.Release|Any CPU.ActiveCfg = Release|Any CPU
		{FB99EC1F-023C-4991-B5B2-06C292977D47}.Release|Any CPU.Build.0 = Release|Any CPU
	EndGlobalSection
	GlobalSection(SolutionProperties) = preSolution
		HideSolutionNode = FALSE
	EndGlobalSection
	GlobalSection(ExtensibilityGlobals) = postSolution
		SolutionGuid = {F05E8DE9-5F5D-48F5-9E4A-0729B6E7504E}
	EndGlobalSection
EndGlobal
